# This file was autogenerated by uv via the following command:
#    uv pip compile --generate-hashes --strip-extras --python-version=3.12 -o requirements.lock pyproject.toml
anyio==4.13.0 \
    --hash=sha256:08b310f9e24a9594186fd75b4f73f4a4152069e3853f1ed8bfbf58369f4ad708 \
    --hash=sha256:334b70e641fd2221c1505b3890c69882fe4a2df910cba14d97019b90b24439dc
    # via httpx
certifi==2026.2.25 \
    --hash=sha256:027692e4402ad994f1c42e52a4997a9763c646b73e4096e4d5d6db8af1d6f0fa \
    --hash=sha256:e887ab5cee78ea814d3472169153c2d12cd43b14bd03329a39a9c6e2e80bfba7
    # via
    #   httpcore
    #   httpx
click==8.3.2 \
    --hash=sha256:14162b8b3b3550a7d479eafa77dfd3c38d9dc8951f6f69c78913a8f9a7540fd5 \
    --hash=sha256:1924d2c27c5653561cd2cae4548d1406039cb79b858b747cfea24924bbc1616d
    # via mipiti-verify (pyproject.toml)
colorama==0.4.6 \
    --hash=sha256:08695f5cb7ed6e0531a20572697297273c47b8cae5a63ffc6d6ed5c201be6e44 \
    --hash=sha256:4f1d9991f5acc0ca119f9d443620b77f9d6b33703e51011c16baf57afb285fc6
    # via click
google-re2==1.1.20251105 \
    --hash=sha256:03156291269f145eccddff63118f2df02d395792f51fc039f09955818943815a \
    --hash=sha256:032160ad8c05739370813bcb15099854cd50faa933e0fe9607a2380659c750df \
    --hash=sha256:0476b07421b8882b279d5ceb5b760c15c62d581ded95274697fc1227e3869ee6 \
    --hash=sha256:062313c309f93dfeb6966372f4c446580e98879133ec155522eea8aaf568a5cd \
    --hash=sha256:0b1458d9ca588124cd61aa1bf5388a216e1247e7d474f8e5e1530498044f5c87 \
    --hash=sha256:0bcba63ad3ea8926fb0c71bb5044e33d405bb9395f5b5444393cd5f28f0bf6d3 \
    --hash=sha256:1617097d63620c2d46bdfc0e48f24f66cd341664fc75718636d234f67473fe7f \
    --hash=sha256:18a5610b26742b90cb1d64ead2b16fe0e3bd7e67add03fd3779cd1b85e401661 \
    --hash=sha256:1920b15dc9b1bdfeca5aa2c60900373c6f27cd1056d53cd299456ea5540a6fff \
    --hash=sha256:1d27f3a2a947ec1f721d0f14f661108acfd4f4d34f357ce28db951cc036656e5 \
    --hash=sha256:1db14a292ee8303b91e91e7c37e05ac17d3c467f29416c79ac70a78be3e65bda \
    --hash=sha256:214c1accdc60fff9ce1bf812b157147ca361844f496ed9e0d5f357b0e562ced8 \
    --hash=sha256:28a46be978e53c772139d0f5c9ba69f53563fcdd4225407e4d34d51208b828f1 \
    --hash=sha256:2b7a3b90f747130310d4b3b8e19ebb845d0d97c1deb63b36f76c7242dacbd736 \
    --hash=sha256:329efa209ea7baa44f0facf0402fa34e655dc97fdeb10d0b83fc06354f5575fd \
    --hash=sha256:39a7013477c8778b1ddcc0d43eff0ee4a0f66b76c9db21f9e7b7d1f74852633f \
    --hash=sha256:3a319dcb37b069d72d968862335197f460803b3a35f99445ea805f69fac58759 \
    --hash=sha256:41be22359c3dceb582937739b4365dd8e279de24ad0a5b10e653503abaff2ed7 \
    --hash=sha256:420fe037ad77ab3d1a280c6823985b89160896f66ce601a3923d020690a1f9b4 \
    --hash=sha256:462dfcf147d0f54d0c93a69c361225119a4987c3b0ecd77f0e21ad9ba8bf180e \
    --hash=sha256:4cb5acee61e35772503b8b1db3c592a46b8e6a9bc0ab54d7d6233654ea2bf93d \
    --hash=sha256:50c7205182ad66c23c07abe8072f720ca2f7d595b61e28fd9b63623614f9afd6 \
    --hash=sha256:5320da07dc3b7ac7f407514f42ac17d67e771ac7c7562d449571185e6fb601b2 \
    --hash=sha256:54f51762b51dc238eceddf49b56cc2b64594fe72d9328c1c39d615aa990e1f87 \
    --hash=sha256:558f144b26a9555ae4e9467cc3aa3299a8ce13217f328b21ae326ca0633be19b \
    --hash=sha256:5a4e5785bc30d52ce655d805b07ad2d8a4905429a5f690ae9c2f1caa76665709 \
    --hash=sha256:64ee189ea857f2126c5e42073cfa9b03e9f4cbaf073edbedb575059074841aa0 \
    --hash=sha256:67c5c73d7ebcf3f0e0a3b528b41bd8c6c04900f1598aebf05bbdf15a06cf5f9a \
    --hash=sha256:6d4d5fdadd329a2ed193463899d00ef2fd126172f36a4c01c9def271f19801b6 \
    --hash=sha256:79ce664038194a31bbcf422137f9607ae3d9946a5cff98cf0efbeb7f9411e64b \
    --hash=sha256:7e2186d2c90488c1e11895343941f35ca2f58e9ba6c6b034fd531abe22ef77cc \
    --hash=sha256:809c5fa5d08279413b29c2e2c5c528e85cd94a0e0fd897db595a0c09eeee2782 \
    --hash=sha256:8314144eefeee7b88b742081c2038418f677e63901039ca9dbfbc0c5bb6d2911 \
    --hash=sha256:83292e23963aa1b219d5f64a65365b0880448a6a060276027b55270bc5b18c7e \
    --hash=sha256:85feec3161ffdc12f6b144e37a2f91f80b771c72ffadde60191e89a49f6d7e81 \
    --hash=sha256:88bd426c1904f3562049bf766301bbc4f7a4bcb8f61e92f8cc833faac1cf2a92 \
    --hash=sha256:8beddf48857fd3767c553f0be7414a7a483f9b6374c91c02474a616fc7f5c5b3 \
    --hash=sha256:913864f97de4151eaa8bb7746ca230fd193656501e07fb658ce2cd46d4f6efcc \
    --hash=sha256:9a77892c524b8bdf3d47d7cad1cc2ac3a0108bdd65007ef4c02888fa46baf8ee \
    --hash=sha256:9f3cf610e857a7d6f02916cf2b7fc159a5429b8bcb23164500d46e5e233f2924 \
    --hash=sha256:9f7158afc9825ac2654c6561aea94a1f7edb5b5b88e6e3639bb80bb817d102ac \
    --hash=sha256:a21c2807bf4d5d00f206a4ecb3b043aad674e28c451b697b740280f608872078 \
    --hash=sha256:a3ac51b28cbf25c100dfd8849212d878d7005d1d4a7e129a10789043c56b6021 \
    --hash=sha256:a486dc10bb07f3c34b9908541368e21ab6d77972569427200db077126668fbf3 \
    --hash=sha256:a52cb204e49d20cdbb66faf394d57f476e96c39c23a328442ab0194fc6bd1a2b \
    --hash=sha256:a7bfaa2cf55daf0c5c650e68526bb20b61e37d7f3ae53f6893013acc1c91c116 \
    --hash=sha256:a9aa02dc1345f0889c6ce1365d5f93d5b161b512f4c6df3cfadf3298493fb678 \
    --hash=sha256:aa2ad5f6f48921ec137a7b7f1b1da903ddef8627a2dc30bc878a9a69d9925719 \
    --hash=sha256:ac1cb2526cc88f050a0661fc7245ad009ee454bddc541b2e653f1d007585000d \
    --hash=sha256:b30f09b4d63249c72e65ccae4cbf6b331b48c22fc7cb439f1d85f347b9d07ceb \
    --hash=sha256:cc151cf6a585d9ebe711da32b23683fcff40f78db8c8587c7f4b209ef4658809 \
    --hash=sha256:d8424e63a9ec0fe5bde03d97876b2431f8a746af33eb475fa1ae39144bd05b2a \
    --hash=sha256:f3168d7bbac247c862ea85b2f3c011d3a04bedcb6892b37f14d488f4133b206e \
    --hash=sha256:f5f856ff5036a8f22b3bad57f376d4e3b97b59b64f311bdb1f83c8dabded2492 \
    --hash=sha256:f886c88d56233483c5fd5ed1234e7e72389b8331250100983443fa30855deb63
    # via mipiti-verify (pyproject.toml)
h11==0.16.0 \
    --hash=sha256:4e35b956cf45792e4caa5885e69fba00bdbc6ffafbfa020300e549b208ee5ff1 \
    --hash=sha256:63cf8bbe7522de3bf65932fda1d9c2772064ffb3dae62d55932da54b31cb6c86
    # via httpcore
httpcore==1.0.9 \
    --hash=sha256:2d400746a40668fc9dec9810239072b40b4484b640a8c38fd654a024c7a1bf55 \
    --hash=sha256:6e34463af53fd2ab5d807f399a9b45ea31c3dfa2276f15a2c3f00afff6e176e8
    # via httpx
httpx==0.28.1 \
    --hash=sha256:75e98c5f16b0f35b567856f597f06ff2270a374470a5c2392242528e3e3e42fc \
    --hash=sha256:d909fcccc110f8c7faf814ca82a9a4d816bc5a6dbfea25d6591d6985b8ba59ad
    # via mipiti-verify (pyproject.toml)
idna==3.11 \
    --hash=sha256:771a87f49d9defaf64091e6e6fe9c18d4833f140bd19464795bc32d966ca37ea \
    --hash=sha256:795dafcc9c04ed0c1fb032c2aa73654d8e8c5023a7df64a53f39190ada629902
    # via
    #   anyio
    #   httpx
markdown-it-py==4.0.0 \
    --hash=sha256:87327c59b172c5011896038353a81343b6754500a08cd7a4973bb48c6d578147 \
    --hash=sha256:cb0a2b4aa34f932c007117b194e945bd74e0ec24133ceb5bac59009cda1cb9f3
    # via rich
mdurl==0.1.2 \
    --hash=sha256:84008a41e51615a49fc9966191ff91509e3c40b939176e643fd50a5c2196b8f8 \
    --hash=sha256:bb413d29f5eea38f31dd4754dd7377d4465116fb207585f97bf925588687c1ba
    # via markdown-it-py
pygments==2.20.0 \
    --hash=sha256:6757cd03768053ff99f3039c1a36d6c0aa0b263438fcab17520b30a303a82b5f \
    --hash=sha256:81a9e26dd42fd28a23a2d169d86d7ac03b46e2f8b59ed4698fb4785f946d0176
    # via rich
rich==14.3.3 \
    --hash=sha256:793431c1f8619afa7d3b52b2cdec859562b950ea0d4b6b505397612db8d5362d \
    --hash=sha256:b8daa0b9e4eef54dd8cf7c86c03713f53241884e814f4e2f5fb342fe520f639b
    # via mipiti-verify (pyproject.toml)
typing-extensions==4.15.0 \
    --hash=sha256:0cea48d173cc12fa28ecabc3b837ea3cf6f38c6d1136f85cbaaf598984861466 \
    --hash=sha256:f0fa19c6845758ab08074a0cfa8b7aecb71c999ca73d62883bc25cc018c4e548
    # via anyio
